NeoBundleLock vim-markdown 409c37b205afa2f9d590e23de8171482d66770e2
NeoBundleLock vim-endwise 96eb11755bb2d1a5583d44e9bcd10481bca45693
NeoBundleLock ctrlp.vim b5d3fe66a58a13d2ff8b6391f4387608496a030f
NeoBundleLock ruby-matchit c4d8079287fc8d804d2a92bcb66964d673666540
NeoBundleLock unite.vim b04e14958d0d7276dcb363f613a4ad331b4c4fc9
NeoBundleLock dbext.vim d44fd5cca10c466c0eb3d6f7b18c4b13f5bf24d7
NeoBundleLock foldCC 8233b805a0f7a1f84f46437848300cfb128c40bd
NeoBundleLock vim-indent-guides eec1b629dc4cfa3986d20f21d4b4489732cd3f5a
NeoBundleLock landscape.vim b832710c31d10c831aeee12bcda275bf20b07d08
NeoBundleLock tcomment_vim 6175e8310cf0fdda9452aacb69b1162679e5d388
NeoBundleLock vim-toolbar-icons-silk 679909fb056686fa63655d34bf2d505e64dc0988
NeoBundleLock vimproc 3e055023dfab4f5a4dfa05a834f9d0cb7294a82e
NeoBundleLock vimfiler 651624ccba23e39f3245a062c8224a267b68af0d
NeoBundleLock neosnippet 23327c4379b45798fb5b3e644adb77208c8ce68d
NeoBundleLock unite-outline a6240f9982a1c3693020453e7e88fa355458cdad
NeoBundleLock vim-quickrun ae97cef42ae142306e9431dce9ab97c4353e5254
NeoBundleLock neocomplcache 237442924ac366015e6e0a8a13a31ac37be0c696
NeoBundleLock The-NERD-tree af65bd23e69a3a5fc1a39eb47733191b7110bb1e
NeoBundleLock char-counter-vim 69fed2ebec138eb1ddbca8f607667923ed0e721f
NeoBundleLock lightline.vim 72a413e60c101e71f26ef2e3cf42d662fe730aae
NeoBundleLock sudo.vim 060f0250d6f399d1cf9b15eaad3d55b3fbad4b0d
